
Microsoft Visual Studio Solution File, Format Version 12.00
# Visual Studio Version 17
VisualStudioVersion = 17.12.35527.113 d17.12
MinimumVisualStudioVersion = 10.0.40219.1
Project("{54A90642-561A-4BB1-A94E-469ADEE60C69}") = "HazemYasin_Portofolio", "HazemYasin_Portofolio\HazemYasin_Portofolio.esproj", "{22A83D31-FEBE-4698-9B8A-DAEBCADF3535}"
EndProject
Global
	GlobalSection(SolutionConfigurationPlatforms) = preSolution
		Debug|Any CPU = Debug|Any CPU
		Release|Any CPU = Release|Any CPU
	EndGlobalSection
	GlobalSection(ProjectConfigurationPlatforms) = postSolution
		{22A83D31-FEBE-4698-9B8A-DAEBCADF3535}.Debug|Any CPU.ActiveCfg = Debug|Any CPU
		{22A83D31-FEBE-4698-9B8A-DAEBCADF3535}.Debug|Any CPU.Build.0 = Debug|Any CPU
		{22A83D31-FEBE-4698-9B8A-DAEBCADF3535}.Debug|Any CPU.Deploy.0 = Debug|Any CPU
		{22A83D31-FEBE-4698-9B8A-DAEBCADF3535}.Release|Any CPU.ActiveCfg = Release|Any CPU
		{22A83D31-FEBE-4698-9B8A-DAEBCADF3535}.Release|Any CPU.Build.0 = Release|Any CPU
		{22A83D31-FEBE-4698-9B8A-DAEBCADF3535}.Release|Any CPU.Deploy.0 = Release|Any CPU
	EndGlobalSection
	GlobalSection(SolutionProperties) = preSolution
		HideSolutionNode = FALSE
	EndGlobalSection
EndGlobal
